
Microsoft Visual Studio Solution File, Format Version 12.00
# Visual Studio Version 16
Project("{8BC9CEB8-8B4A-11D0-8D11-00A0C91BC942}") = "ALL_BUILD", "ALL_BUILD.vcxproj", "{A7F9DEDB-102A-3B48-B52F-C44A2364BC82}"
	ProjectSection(ProjectDependencies) = postProject
		{521C9E6D-B322-3E43-8E43-B699C8909341} = {521C9E6D-B322-3E43-8E43-B699C8909341}
		{14E2C066-C453-306B-AF93-389113873B2F} = {14E2C066-C453-306B-AF93-389113873B2F}
		{73BE8F14-61DE-35A2-9ADF-010F1C8D2574} = {73BE8F14-61DE-35A2-9ADF-010F1C8D2574}
		{FB78FD47-3F3C-36C6-A7FA-B50569996EDF} = {FB78FD47-3F3C-36C6-A7FA-B50569996EDF}
	EndProjectSection
EndProject
Project("{8BC9CEB8-8B4A-11D0-8D11-00A0C91BC942}") = "Polynom", "include\Polynom.vcxproj", "{2FCE257B-19C4-3525-AA9C-8F6EDBD3A0A7}"
	ProjectSection(ProjectDependencies) = postProject
		{521C9E6D-B322-3E43-8E43-B699C8909341} = {521C9E6D-B322-3E43-8E43-B699C8909341}
	EndProjectSection
EndProject
Project("{8BC9CEB8-8B4A-11D0-8D11-00A0C91BC942}") = "ZERO_CHECK", "ZERO_CHECK.vcxproj", "{521C9E6D-B322-3E43-8E43-B699C8909341}"
	ProjectSection(ProjectDependencies) = postProject
	EndProjectSection
EndProject
Project("{8BC9CEB8-8B4A-11D0-8D11-00A0C91BC942}") = "gtest", "gtest\gtest.vcxproj", "{14E2C066-C453-306B-AF93-389113873B2F}"
	ProjectSection(ProjectDependencies) = postProject
		{521C9E6D-B322-3E43-8E43-B699C8909341} = {521C9E6D-B322-3E43-8E43-B699C8909341}
	EndProjectSection
EndProject
Project("{8BC9CEB8-8B4A-11D0-8D11-00A0C91BC942}") = "main", "samples\main.vcxproj", "{73BE8F14-61DE-35A2-9ADF-010F1C8D2574}"
	ProjectSection(ProjectDependencies) = postProject
		{521C9E6D-B322-3E43-8E43-B699C8909341} = {521C9E6D-B322-3E43-8E43-B699C8909341}
	EndProjectSection
EndProject
Project("{8BC9CEB8-8B4A-11D0-8D11-00A0C91BC942}") = "test_Polynom", "test\test_Polynom.vcxproj", "{FB78FD47-3F3C-36C6-A7FA-B50569996EDF}"
	ProjectSection(ProjectDependencies) = postProject
		{521C9E6D-B322-3E43-8E43-B699C8909341} = {521C9E6D-B322-3E43-8E43-B699C8909341}
		{14E2C066-C453-306B-AF93-389113873B2F} = {14E2C066-C453-306B-AF93-389113873B2F}
	EndProjectSection
EndProject
Global
	GlobalSection(SolutionConfigurationPlatforms) = preSolution
		Debug|x64 = Debug|x64
		Release|x64 = Release|x64
	EndGlobalSection
	GlobalSection(ProjectConfigurationPlatforms) = postSolution
		{A7F9DEDB-102A-3B48-B52F-C44A2364BC82}.Debug|x64.ActiveCfg = Debug|x64
		{A7F9DEDB-102A-3B48-B52F-C44A2364BC82}.Release|x64.ActiveCfg = Release|x64
		{2FCE257B-19C4-3525-AA9C-8F6EDBD3A0A7}.Debug|x64.ActiveCfg = Debug|x64
		{2FCE257B-19C4-3525-AA9C-8F6EDBD3A0A7}.Release|x64.ActiveCfg = Release|x64
		{521C9E6D-B322-3E43-8E43-B699C8909341}.Debug|x64.ActiveCfg = Debug|x64
		{521C9E6D-B322-3E43-8E43-B699C8909341}.Debug|x64.Build.0 = Debug|x64
		{521C9E6D-B322-3E43-8E43-B699C8909341}.Release|x64.ActiveCfg = Release|x64
		{521C9E6D-B322-3E43-8E43-B699C8909341}.Release|x64.Build.0 = Release|x64
		{14E2C066-C453-306B-AF93-389113873B2F}.Debug|x64.ActiveCfg = Debug|x64
		{14E2C066-C453-306B-AF93-389113873B2F}.Debug|x64.Build.0 = Debug|x64
		{14E2C066-C453-306B-AF93-389113873B2F}.Release|x64.ActiveCfg = Release|x64
		{14E2C066-C453-306B-AF93-389113873B2F}.Release|x64.Build.0 = Release|x64
		{73BE8F14-61DE-35A2-9ADF-010F1C8D2574}.Debug|x64.ActiveCfg = Debug|x64
		{73BE8F14-61DE-35A2-9ADF-010F1C8D2574}.Debug|x64.Build.0 = Debug|x64
		{73BE8F14-61DE-35A2-9ADF-010F1C8D2574}.Release|x64.ActiveCfg = Release|x64
		{73BE8F14-61DE-35A2-9ADF-010F1C8D2574}.Release|x64.Build.0 = Release|x64
		{FB78FD47-3F3C-36C6-A7FA-B50569996EDF}.Debug|x64.ActiveCfg = Debug|x64
		{FB78FD47-3F3C-36C6-A7FA-B50569996EDF}.Debug|x64.Build.0 = Debug|x64
		{FB78FD47-3F3C-36C6-A7FA-B50569996EDF}.Release|x64.ActiveCfg = Release|x64
		{FB78FD47-3F3C-36C6-A7FA-B50569996EDF}.Release|x64.Build.0 = Release|x64
	EndGlobalSection
	GlobalSection(ExtensibilityGlobals) = postSolution
		SolutionGuid = {BE3C83A1-E743-36F9-AA42-7E9BF2665B61}
	EndGlobalSection
	GlobalSection(ExtensibilityAddIns) = postSolution
	EndGlobalSection
EndGlobal
