<?xml version="1.0" encoding="utf-8"?>
<Project ToolsVersion="16.0" xmlns="http://schemas.microsoft.com/developer/msbuild/2003">
  <ItemGroup>
    <CustomBuild Include="D:\1_______________\OneDrive\Файлы с учебы\3 семестр\GIT\mp2-polynom\bilt\CMakeFiles\ade88f113cdc97eec4c2d51d826ea3cd\generate.stamp.rule">
      <Filter>CMake Rules</Filter>
    </CustomBuild>
  </ItemGroup>
  <ItemGroup>
    <Filter Include="CMake Rules">
      <UniqueIdentifier>{88EB6527-33E0-3266-A79F-D930CA050BE3}</UniqueIdentifier>
    </Filter>
  </ItemGroup>
</Project>
